%{"cowboy": {:package, "1.0.0"},
  "cowlib": {:package, "1.0.0"},
  "inflex": {:package, "0.2.4"},
  "jazz": {:package, "0.2.0"},
  "linguist": {:package, "0.1.1"},
  "phoenix": {:git, "git://github.com/phoenixframework/phoenix.git", "8d6627bdc80226beee57576173524482e6a79b3a", []},
  "plug": {:package, "0.5.3"},
  "ranch": {:package, "1.0.0"}}
